
Microsoft Visual Studio Solution File, Format Version 12.00
# Visual Studio Version 17
VisualStudioVersion = 17.11.35222.181
MinimumVisualStudioVersion = 10.0.40219.1
Project("{FAE04EC0-301F-11D3-BF4B-00C04F79EFBC}") = "YandexDiskAPI1", "YandexDiskAPI1.csproj", "{30052A6C-C18E-44C0-84FC-A0610ACB93AD}"
EndProject
Global
	GlobalSection(SolutionConfigurationPlatforms) = preSolution
		Debug|Any CPU = Debug|Any CPU
		Release|Any CPU = Release|Any CPU
	EndGlobalSection
	GlobalSection(ProjectConfigurationPlatforms) = postSolution
		{30052A6C-C18E-44C0-84FC-A0610ACB93AD}.Debug|Any CPU.ActiveCfg = Debug|Any CPU
		{30052A6C-C18E-44C0-84FC-A0610ACB93AD}.Debug|Any CPU.Build.0 = Debug|Any CPU
		{30052A6C-C18E-44C0-84FC-A0610ACB93AD}.Release|Any CPU.ActiveCfg = Release|Any CPU
		{30052A6C-C18E-44C0-84FC-A0610ACB93AD}.Release|Any CPU.Build.0 = Release|Any CPU
	EndGlobalSection
	GlobalSection(SolutionProperties) = preSolution
		HideSolutionNode = FALSE
	EndGlobalSection
	GlobalSection(ExtensibilityGlobals) = postSolution
		SolutionGuid = {61BE2B80-3A48-44DB-B53C-419FB402CAB2}
	EndGlobalSection
EndGlobal
